{
  "name": "workspace",
  "version": "1.0.0",
  "lockfileVersion": 3,
  "requires": true,
  "packages": {
    "": {
      "name": "workspace",
      "version": "1.0.0",
      "license": "ISC",
      "workspaces": [
        "packages/alpha",
        "packages/beta"
      ]
    },
    "node_modules/@mitchallen/alpha": {
      "resolved": "packages/alpha",
      "link": true
    },
    "node_modules/@mitchallen/beta": {
      "resolved": "packages/beta",
      "link": true
    },
    "packages/alpha": {
      "name": "@mitchallen/alpha",
      "version": "1.0.0",
      "license": "ISC"
    },
    "packages/beta": {
      "version": "1.0.0",
      "license": "ISC",
      "devDependencies": {}
    }
  }
}
