{
  "name": "workspace",
  "version": "1.0.0",
  "lockfileVersion": 3,
  "requires": true,
  "packages": {
    "": {
      "name": "workspace",
      "version": "1.0.0",
      "license": "MIT",
      "workspaces": [
        "packages/alpha",
        "packages/beta"
      ]
    },
    "node_modules/@mitchallen/alpha": {
      "resolved": "packages/alpha",
      "link": true
    },
    "node_modules/@mitchallen/beta": {
      "resolved": "packages/beta",
      "link": true
    },
    "packages/alpha": {
      "name": "@mitchallen/alpha",
      "version": "1.0.0",
      "license": "MIT"
    },
    "packages/beta": {
      "name": "@mitchallen/beta",
      "version": "1.0.0",
      "license": "MIT",
      "dependencies": {
        "@mitchallen/alpha": "^1.0.0"
      },
      "devDependencies": {}
    }
  }
}
